
Microsoft Visual Studio Solution File, Format Version 12.00
# Visual Studio Version 17
VisualStudioVersion = 17.4.33205.214
MinimumVisualStudioVersion = 10.0.40219.1
Project("{FAE04EC0-301F-11D3-BF4B-00C04F79EFBC}") = "Hybrid.Tenant.Sample", "Hybrid.Tenant.Sample\Hybrid.Tenant.Sample.csproj", "{AB74BCF0-C1F4-4FE8-A7FA-21DC56147FB9}"
EndProject
Global
	GlobalSection(SolutionConfigurationPlatforms) = preSolution
		Debug|Any CPU = Debug|Any CPU
		Release|Any CPU = Release|Any CPU
	EndGlobalSection
	GlobalSection(ProjectConfigurationPlatforms) = postSolution
		{AB74BCF0-C1F4-4FE8-A7FA-21DC56147FB9}.Debug|Any CPU.ActiveCfg = Debug|Any CPU
		{AB74BCF0-C1F4-4FE8-A7FA-21DC56147FB9}.Debug|Any CPU.Build.0 = Debug|Any CPU
		{AB74BCF0-C1F4-4FE8-A7FA-21DC56147FB9}.Release|Any CPU.ActiveCfg = Release|Any CPU
		{AB74BCF0-C1F4-4FE8-A7FA-21DC56147FB9}.Release|Any CPU.Build.0 = Release|Any CPU
	EndGlobalSection
	GlobalSection(SolutionProperties) = preSolution
		HideSolutionNode = FALSE
	EndGlobalSection
	GlobalSection(ExtensibilityGlobals) = postSolution
		SolutionGuid = {59B7DDA6-CD5F-4982-831C-393CCC8B7311}
	EndGlobalSection
EndGlobal
